
Microsoft Visual Studio Solution File, Format Version 12.00
# Visual Studio Version 16
VisualStudioVersion = 16.0.31911.196
MinimumVisualStudioVersion = 10.0.40219.1
Project("{FAE04EC0-301F-11D3-BF4B-00C04F79EFBC}") = "ServiciosEjercicio2", "ServiciosEjercicio2\ServiciosEjercicio2.csproj", "{52F854B4-860C-498D-88DC-1EAEE8E16BC2}"
EndProject
Global
	GlobalSection(SolutionConfigurationPlatforms) = preSolution
		Debug|Any CPU = Debug|Any CPU
		Release|Any CPU = Release|Any CPU
	EndGlobalSection
	GlobalSection(ProjectConfigurationPlatforms) = postSolution
		{52F854B4-860C-498D-88DC-1EAEE8E16BC2}.Debug|Any CPU.ActiveCfg = Debug|Any CPU
		{52F854B4-860C-498D-88DC-1EAEE8E16BC2}.Debug|Any CPU.Build.0 = Debug|Any CPU
		{52F854B4-860C-498D-88DC-1EAEE8E16BC2}.Release|Any CPU.ActiveCfg = Release|Any CPU
		{52F854B4-860C-498D-88DC-1EAEE8E16BC2}.Release|Any CPU.Build.0 = Release|Any CPU
	EndGlobalSection
	GlobalSection(SolutionProperties) = preSolution
		HideSolutionNode = FALSE
	EndGlobalSection
	GlobalSection(ExtensibilityGlobals) = postSolution
		SolutionGuid = {D59D578E-2A3D-49F7-BE8D-0AB03A1179BE}
	EndGlobalSection
EndGlobal
